Microsoft Visual Studio Solution File, Format Version 12.00
# Visual Studio 2012
Project("{FAE04EC0-301F-11D3-BF4B-00C04F79EFBC}") = "DodgeTutorial", "DodgeTutorial.csproj", "{6F6319C8-818D-4AB8-96A2-22E352ABC901}"
EndProject
Global
	GlobalSection(SolutionConfigurationPlatforms) = preSolution
	Debug|Any CPU = Debug|Any CPU
	ExportDebug|Any CPU = ExportDebug|Any CPU
	ExportRelease|Any CPU = ExportRelease|Any CPU
	EndGlobalSection
	GlobalSection(ProjectConfigurationPlatforms) = postSolution
		{6F6319C8-818D-4AB8-96A2-22E352ABC901}.Debug|Any CPU.ActiveCfg = Debug|Any CPU
		{6F6319C8-818D-4AB8-96A2-22E352ABC901}.Debug|Any CPU.Build.0 = Debug|Any CPU
		{6F6319C8-818D-4AB8-96A2-22E352ABC901}.ExportDebug|Any CPU.ActiveCfg = ExportDebug|Any CPU
		{6F6319C8-818D-4AB8-96A2-22E352ABC901}.ExportDebug|Any CPU.Build.0 = ExportDebug|Any CPU
		{6F6319C8-818D-4AB8-96A2-22E352ABC901}.ExportRelease|Any CPU.ActiveCfg = ExportRelease|Any CPU
		{6F6319C8-818D-4AB8-96A2-22E352ABC901}.ExportRelease|Any CPU.Build.0 = ExportRelease|Any CPU
	EndGlobalSection
EndGlobal
